
Microsoft Visual Studio Solution File, Format Version 12.00
# Visual Studio 15
VisualStudioVersion = 15.0.28010.2041
MinimumVisualStudioVersion = 10.0.40219.1
Project("{FAE04EC0-301F-11D3-BF4B-00C04F79EFBC}") = "01_Assembly", "01_Assembly\01_Assembly.csproj", "{383A6CB5-F4FB-4489-A084-992AB4FB7CB9}"
EndProject
Project("{FAE04EC0-301F-11D3-BF4B-00C04F79EFBC}") = "02_RegistrationFramework", "02_RegistrationFramework\02_RegistrationFramework.csproj", "{89702A98-AC6B-41A7-8A51-36395ADE6EEA}"
EndProject
Global
	GlobalSection(SolutionConfigurationPlatforms) = preSolution
		Debug|Any CPU = Debug|Any CPU
		Release|Any CPU = Release|Any CPU
	EndGlobalSection
	GlobalSection(ProjectConfigurationPlatforms) = postSolution
		{383A6CB5-F4FB-4489-A084-992AB4FB7CB9}.Debug|Any CPU.ActiveCfg = Debug|Any CPU
		{383A6CB5-F4FB-4489-A084-992AB4FB7CB9}.Debug|Any CPU.Build.0 = Debug|Any CPU
		{383A6CB5-F4FB-4489-A084-992AB4FB7CB9}.Release|Any CPU.ActiveCfg = Release|Any CPU
		{383A6CB5-F4FB-4489-A084-992AB4FB7CB9}.Release|Any CPU.Build.0 = Release|Any CPU
		{89702A98-AC6B-41A7-8A51-36395ADE6EEA}.Debug|Any CPU.ActiveCfg = Debug|Any CPU
		{89702A98-AC6B-41A7-8A51-36395ADE6EEA}.Debug|Any CPU.Build.0 = Debug|Any CPU
		{89702A98-AC6B-41A7-8A51-36395ADE6EEA}.Release|Any CPU.ActiveCfg = Release|Any CPU
		{89702A98-AC6B-41A7-8A51-36395ADE6EEA}.Release|Any CPU.Build.0 = Release|Any CPU
	EndGlobalSection
	GlobalSection(SolutionProperties) = preSolution
		HideSolutionNode = FALSE
	EndGlobalSection
	GlobalSection(ExtensibilityGlobals) = postSolution
		SolutionGuid = {3EA45FA1-6530-4AA5-987D-4BDBEA5DD2E4}
	EndGlobalSection
EndGlobal
